
Microsoft Visual Studio Solution File, Format Version 11.00
# Visual Studio 2010
Project("{8BC9CEB8-8B4A-11D0-8D11-00A0C91BC942}") = "kpz_video", "kpz_video\kpz_video.vcxproj", "{14DD1289-24F1-45BE-977A-8ED0F9BB7AF1}"
EndProject
Global
	GlobalSection(SolutionConfigurationPlatforms) = preSolution
		Debug|Win32 = Debug|Win32
		Release|Win32 = Release|Win32
	EndGlobalSection
	GlobalSection(ProjectConfigurationPlatforms) = postSolution
		{14DD1289-24F1-45BE-977A-8ED0F9BB7AF1}.Debug|Win32.ActiveCfg = Debug|Win32
		{14DD1289-24F1-45BE-977A-8ED0F9BB7AF1}.Debug|Win32.Build.0 = Debug|Win32
		{14DD1289-24F1-45BE-977A-8ED0F9BB7AF1}.Release|Win32.ActiveCfg = Release|Win32
		{14DD1289-24F1-45BE-977A-8ED0F9BB7AF1}.Release|Win32.Build.0 = Release|Win32
	EndGlobalSection
	GlobalSection(SolutionProperties) = preSolution
		HideSolutionNode = FALSE
	EndGlobalSection
EndGlobal
